
Microsoft Visual Studio Solution File, Format Version 12.00
# Visual Studio Version 16
VisualStudioVersion = 16.0.32929.386
MinimumVisualStudioVersion = 10.0.40219.1
Project("{FAE04EC0-301F-11D3-BF4B-00C04F79EFBC}") = "pr_gus", "pr_gus.csproj", "{A196D1CA-92D8-4AF4-A315-0FE5BAE24EDA}"
EndProject
Global
	GlobalSection(SolutionConfigurationPlatforms) = preSolution
		Debug|Any CPU = Debug|Any CPU
		Release|Any CPU = Release|Any CPU
	EndGlobalSection
	GlobalSection(ProjectConfigurationPlatforms) = postSolution
		{A196D1CA-92D8-4AF4-A315-0FE5BAE24EDA}.Debug|Any CPU.ActiveCfg = Debug|Any CPU
		{A196D1CA-92D8-4AF4-A315-0FE5BAE24EDA}.Debug|Any CPU.Build.0 = Debug|Any CPU
		{A196D1CA-92D8-4AF4-A315-0FE5BAE24EDA}.Release|Any CPU.ActiveCfg = Release|Any CPU
		{A196D1CA-92D8-4AF4-A315-0FE5BAE24EDA}.Release|Any CPU.Build.0 = Release|Any CPU
	EndGlobalSection
	GlobalSection(SolutionProperties) = preSolution
		HideSolutionNode = FALSE
	EndGlobalSection
	GlobalSection(ExtensibilityGlobals) = postSolution
		SolutionGuid = {8433B208-C830-4E53-9C6B-4E5FCC748F09}
	EndGlobalSection
EndGlobal
